# This file is automatically @generated by Poetry 1.7.1 and should not be changed by hand.

[[package]]
name = "colorama"
version = "0.4.6"
description = "Cross-platform colored terminal text."
optional = false
python-versions = "!=3.0.*,!=3.1.*,!=3.2.*,!=3.3.*,!=3.4.*,!=3.5.*,!=3.6.*,>=2.7"
files = [
    {file = "colorama-0.4.6-py2.py3-none-any.whl", hash = "sha256:4f1d9991f5acc0ca119f9d443620b77f9d6b33703e51011c16baf57afb285fc6"},
    {file = "colorama-0.4.6.tar.gz", hash = "sha256:08695f5cb7ed6e0531a20572697297273c47b8cae5a63ffc6d6ed5c201be6e44"},
]

[[package]]
name = "coverage"
version = "7.3.4"
description = "Code coverage measurement for Python"
optional = false
python-versions = ">=3.8"
files = [
    {file = "coverage-7.3.4-cp310-cp310-macosx_10_9_x86_64.whl", hash = "sha256:aff2bd3d585969cc4486bfc69655e862028b689404563e6b549e6a8244f226df"},
    {file = "coverage-7.3.4-cp310-cp310-macosx_11_0_arm64.whl", hash = "sha256:e4353923f38d752ecfbd3f1f20bf7a3546993ae5ecd7c07fd2f25d40b4e54571"},
    {file = "coverage-7.3.4-cp310-cp310-manylinux_2_17_aarch64.manylinux2014_aarch64.whl", hash = "sha256:ea473c37872f0159294f7073f3fa72f68b03a129799f3533b2bb44d5e9fa4f82"},
    {file = "coverage-7.3.4-cp310-cp310-manylinux_2_5_i686.manylinux1_i686.manylinux_2_17_i686.manylinux2014_i686.whl", hash = "sha256:5214362abf26e254d749fc0c18af4c57b532a4bfde1a057565616dd3b8d7cc94"},
    {file = "coverage-7.3.4-cp310-cp310-manylinux_2_5_x86_64.manylinux1_x86_64.manylinux_2_17_x86_64.manylinux2014_x86_64.whl", hash = "sha256:f99b7d3f7a7adfa3d11e3a48d1a91bb65739555dd6a0d3fa68aa5852d962e5b1"},
    {file = "coverage-7.3.4-cp310-cp310-musllinux_1_1_aarch64.whl", hash = "sha256:74397a1263275bea9d736572d4cf338efaade2de9ff759f9c26bcdceb383bb49"},
    {file = "coverage-7.3.4-cp310-cp310-musllinux_1_1_i686.whl", hash = "sha256:f154bd866318185ef5865ace5be3ac047b6d1cc0aeecf53bf83fe846f4384d5d"},
    {file = "coverage-7.3.4-cp310-cp310-musllinux_1_1_x86_64.whl", hash = "sha256:e0d84099ea7cba9ff467f9c6f747e3fc3906e2aadac1ce7b41add72e8d0a3712"},
    {file = "coverage-7.3.4-cp310-cp310-win32.whl", hash = "sha256:3f477fb8a56e0c603587b8278d9dbd32e54bcc2922d62405f65574bd76eba78a"},
    {file = "coverage-7.3.4-cp310-cp310-win_amd64.whl", hash = "sha256:c75738ce13d257efbb6633a049fb2ed8e87e2e6c2e906c52d1093a4d08d67c6b"},
    {file = "coverage-7.3.4-cp311-cp311-macosx_10_9_x86_64.whl", hash = "sha256:997aa14b3e014339d8101b9886063c5d06238848905d9ad6c6eabe533440a9a7"},
    {file = "coverage-7.3.4-cp311-cp311-macosx_11_0_arm64.whl", hash = "sha256:8a9c5bc5db3eb4cd55ecb8397d8e9b70247904f8eca718cc53c12dcc98e59fc8"},
    {file = "coverage-7.3.4-cp311-cp311-manylinux_2_17_aarch64.manylinux2014_aarch64.whl", hash = "sha256:27ee94f088397d1feea3cb524e4313ff0410ead7d968029ecc4bc5a7e1d34fbf"},
    {file = "coverage-7.3.4-cp311-cp311-manylinux_2_5_i686.manylinux1_i686.manylinux_2_17_i686.manylinux2014_i686.whl", hash = "sha256:8ce03e25e18dd9bf44723e83bc202114817f3367789052dc9e5b5c79f40cf59d"},
    {file = "coverage-7.3.4-cp311-cp311-manylinux_2_5_x86_64.manylinux1_x86_64.manylinux_2_17_x86_64.manylinux2014_x86_64.whl", hash = "sha256:85072e99474d894e5df582faec04abe137b28972d5e466999bc64fc37f564a03"},
    {file = "coverage-7.3.4-cp311-cp311-musllinux_1_1_aarch64.whl", hash = "sha256:a877810ef918d0d345b783fc569608804f3ed2507bf32f14f652e4eaf5d8f8d0"},
    {file = "coverage-7.3.4-cp311-cp311-musllinux_1_1_i686.whl", hash = "sha256:9ac17b94ab4ca66cf803f2b22d47e392f0977f9da838bf71d1f0db6c32893cb9"},
    {file = "coverage-7.3.4-cp311-cp311-musllinux_1_1_x86_64.whl", hash = "sha256:36d75ef2acab74dc948d0b537ef021306796da551e8ac8b467810911000af66a"},
    {file = "coverage-7.3.4-cp311-cp311-win32.whl", hash = "sha256:47ee56c2cd445ea35a8cc3ad5c8134cb9bece3a5cb50bb8265514208d0a65928"},
    {file = "coverage-7.3.4-cp311-cp311-win_amd64.whl", hash = "sha256:11ab62d0ce5d9324915726f611f511a761efcca970bd49d876cf831b4de65be5"},
    {file = "coverage-7.3.4-cp312-cp312-macosx_10_9_x86_64.whl", hash = "sha256:33e63c578f4acce1b6cd292a66bc30164495010f1091d4b7529d014845cd9bee"},
    {file = "coverage-7.3.4-cp312-cp312-macosx_11_0_arm64.whl", hash = "sha256:782693b817218169bfeb9b9ba7f4a9f242764e180ac9589b45112571f32a0ba6"},
    {file = "coverage-7.3.4-cp312-cp312-manylinux_2_17_aarch64.manylinux2014_aarch64.whl", hash = "sha256:7c4277ddaad9293454da19121c59f2d850f16bcb27f71f89a5c4836906eb35ef"},
    {file = "coverage-7.3.4-cp312-cp312-manylinux_2_5_i686.manylinux1_i686.manylinux_2_17_i686.manylinux2014_i686.whl", hash = "sha256:3d892a19ae24b9801771a5a989fb3e850bd1ad2e2b6e83e949c65e8f37bc67a1"},
    {file = "coverage-7.3.4-cp312-cp312-manylinux_2_5_x86_64.manylinux1_x86_64.manylinux_2_17_x86_64.manylinux2014_x86_64.whl", hash = "sha256:3024ec1b3a221bd10b5d87337d0373c2bcaf7afd86d42081afe39b3e1820323b"},
    {file = "coverage-7.3.4-cp312-cp312-musllinux_1_1_aarch64.whl", hash = "sha256:a1c3e9d2bbd6f3f79cfecd6f20854f4dc0c6e0ec317df2b265266d0dc06535f1"},
    {file = "coverage-7.3.4-cp312-cp312-musllinux_1_1_i686.whl", hash = "sha256:e91029d7f151d8bf5ab7d8bfe2c3dbefd239759d642b211a677bc0709c9fdb96"},
    {file = "coverage-7.3.4-cp312-cp312-musllinux_1_1_x86_64.whl", hash = "sha256:6879fe41c60080aa4bb59703a526c54e0412b77e649a0d06a61782ecf0853ee1"},
    {file = "coverage-7.3.4-cp312-cp312-win32.whl", hash = "sha256:fd2f8a641f8f193968afdc8fd1697e602e199931012b574194052d132a79be13"},
    {file = "coverage-7.3.4-cp312-cp312-win_amd64.whl", hash = "sha256:d1d0ce6c6947a3a4aa5479bebceff2c807b9f3b529b637e2b33dea4468d75fc7"},
    {file = "coverage-7.3.4-cp38-cp38-macosx_10_9_x86_64.whl", hash = "sha256:36797b3625d1da885b369bdaaa3b0d9fb8865caed3c2b8230afaa6005434aa2f"},
    {file = "coverage-7.3.4-cp38-cp38-macosx_11_0_arm64.whl", hash = "sha256:bfed0ec4b419fbc807dec417c401499ea869436910e1ca524cfb4f81cf3f60e7"},
    {file = "coverage-7.3.4-cp38-cp38-manylinux_2_17_aarch64.manylinux2014_aarch64.whl", hash = "sha256:f97ff5a9fc2ca47f3383482858dd2cb8ddbf7514427eecf5aa5f7992d0571429"},
    {file = "coverage-7.3.4-cp38-cp38-manylinux_2_5_i686.manylinux1_i686.manylinux_2_17_i686.manylinux2014_i686.whl", hash = "sha256:607b6c6b35aa49defaebf4526729bd5238bc36fe3ef1a417d9839e1d96ee1e4c"},
    {file = "coverage-7.3.4-cp38-cp38-manylinux_2_5_x86_64.manylinux1_x86_64.manylinux_2_17_x86_64.manylinux2014_x86_64.whl", hash = "sha256:a8e258dcc335055ab59fe79f1dec217d9fb0cdace103d6b5c6df6b75915e7959"},
    {file = "coverage-7.3.4-cp38-cp38-musllinux_1_1_aarch64.whl", hash = "sha256:a02ac7c51819702b384fea5ee033a7c202f732a2a2f1fe6c41e3d4019828c8d3"},
    {file = "coverage-7.3.4-cp38-cp38-musllinux_1_1_i686.whl", hash = "sha256:b710869a15b8caf02e31d16487a931dbe78335462a122c8603bb9bd401ff6fb2"},
    {file = "coverage-7.3.4-cp38-cp38-musllinux_1_1_x86_64.whl", hash = "sha256:c6a23ae9348a7a92e7f750f9b7e828448e428e99c24616dec93a0720342f241d"},
    {file = "coverage-7.3.4-cp38-cp38-win32.whl", hash = "sha256:758ebaf74578b73f727acc4e8ab4b16ab6f22a5ffd7dd254e5946aba42a4ce76"},
    {file = "coverage-7.3.4-cp38-cp38-win_amd64.whl", hash = "sha256:309ed6a559bc942b7cc721f2976326efbfe81fc2b8f601c722bff927328507dc"},
    {file = "coverage-7.3.4-cp39-cp39-macosx_10_9_x86_64.whl", hash = "sha256:aefbb29dc56317a4fcb2f3857d5bce9b881038ed7e5aa5d3bcab25bd23f57328"},
    {file = "coverage-7.3.4-cp39-cp39-macosx_11_0_arm64.whl", hash = "sha256:183c16173a70caf92e2dfcfe7c7a576de6fa9edc4119b8e13f91db7ca33a7923"},
    {file = "coverage-7.3.4-cp39-cp39-manylinux_2_17_aarch64.manylinux2014_aarch64.whl", hash = "sha256:4a4184dcbe4f98d86470273e758f1d24191ca095412e4335ff27b417291f5964"},
    {file = "coverage-7.3.4-cp39-cp39-manylinux_2_5_i686.manylinux1_i686.manylinux_2_17_i686.manylinux2014_i686.whl", hash = "sha256:93698ac0995516ccdca55342599a1463ed2e2d8942316da31686d4d614597ef9"},
    {file = "coverage-7.3.4-cp39-cp39-manylinux_2_5_x86_64.manylinux1_x86_64.manylinux_2_17_x86_64.manylinux2014_x86_64.whl", hash = "sha256:fb220b3596358a86361139edce40d97da7458412d412e1e10c8e1970ee8c09ab"},
    {file = "coverage-7.3.4-cp39-cp39-musllinux_1_1_aarch64.whl", hash = "sha256:d5b14abde6f8d969e6b9dd8c7a013d9a2b52af1235fe7bebef25ad5c8f47fa18"},
    {file = "coverage-7.3.4-cp39-cp39-musllinux_1_1_i686.whl", hash = "sha256:610afaf929dc0e09a5eef6981edb6a57a46b7eceff151947b836d869d6d567c1"},
    {file = "coverage-7.3.4-cp39-cp39-musllinux_1_1_x86_64.whl", hash = "sha256:d6ed790728fb71e6b8247bd28e77e99d0c276dff952389b5388169b8ca7b1c28"},
    {file = "coverage-7.3.4-cp39-cp39-win32.whl", hash = "sha256:c15fdfb141fcf6a900e68bfa35689e1256a670db32b96e7a931cab4a0e1600e5"},
    {file = "coverage-7.3.4-cp39-cp39-win_amd64.whl", hash = "sha256:38d0b307c4d99a7aca4e00cad4311b7c51b7ac38fb7dea2abe0d182dd4008e05"},
    {file = "coverage-7.3.4-pp38.pp39.pp310-none-any.whl", hash = "sha256:b1e0f25ae99cf247abfb3f0fac7ae25739e4cd96bf1afa3537827c576b4847e5"},
    {file = "coverage-7.3.4.tar.gz", hash = "sha256:020d56d2da5bc22a0e00a5b0d54597ee91ad72446fa4cf1b97c35022f6b6dbf0"},
]

[package.dependencies]
tomli = {version = "*", optional = true, markers = "python_full_version <= \"3.11.0a6\" and extra == \"toml\""}

[package.extras]
toml = ["tomli"]

[[package]]
name = "exceptiongroup"
version = "1.2.0"
description = "Backport of PEP 654 (exception groups)"
optional = false
python-versions = ">=3.7"
files = [
    {file = "exceptiongroup-1.2.0-py3-none-any.whl", hash = "sha256:4bfd3996ac73b41e9b9628b04e079f193850720ea5945fc96a08633c66912f14"},
    {file = "exceptiongroup-1.2.0.tar.gz", hash = "sha256:91f5c769735f051a4290d52edd0858999b57e5876e9f85937691bd4c9fa3ed68"},
]

[package.extras]
test = ["pytest (>=6)"]

[[package]]
name = "ezmsg"
version = "3.3.3"
description = "A simple DAG-based computation model"
optional = false
python-versions = ">=3.8"
files = [
    {file = "ezmsg-3.3.3-py3-none-any.whl", hash = "sha256:62920470d8a692fcd986e980a80e27d0ec3c0a36677d2068ee75b8cf301a0cde"},
    {file = "ezmsg-3.3.3.tar.gz", hash = "sha256:411dd4e027e37bb322bfbcef75264d47134ea64efa2b428522c257d959ca439f"},
]

[package.dependencies]
typing-extensions = "*"

[package.extras]
all-ext = ["ezmsg-sigproc", "ezmsg-websocket", "ezmsg-zmq"]
test = ["numpy", "pytest", "pytest-asyncio", "pytest-cov"]

[[package]]
name = "iniconfig"
version = "2.0.0"
description = "brain-dead simple config-ini parsing"
optional = false
python-versions = ">=3.7"
files = [
    {file = "iniconfig-2.0.0-py3-none-any.whl", hash = "sha256:b6a85871a79d2e3b22d2d1b94ac2824226a63c6b741c88f7ae975f18b6778374"},
    {file = "iniconfig-2.0.0.tar.gz", hash = "sha256:2d91e135bf72d31a410b17c16da610a82cb55f6b0477d1a902134b24a455b8b3"},
]

[[package]]
name = "numpy"
version = "1.24.4"
description = "Fundamental package for array computing in Python"
optional = false
python-versions = ">=3.8"
files = [
    {file = "numpy-1.24.4-cp310-cp310-macosx_10_9_x86_64.whl", hash = "sha256:c0bfb52d2169d58c1cdb8cc1f16989101639b34c7d3ce60ed70b19c63eba0b64"},
    {file = "numpy-1.24.4-cp310-cp310-macosx_11_0_arm64.whl", hash = "sha256:ed094d4f0c177b1b8e7aa9cba7d6ceed51c0e569a5318ac0ca9a090680a6a1b1"},
    {file = "numpy-1.24.4-cp310-cp310-manylinux_2_17_aarch64.manylinux2014_aarch64.whl", hash = "sha256:79fc682a374c4a8ed08b331bef9c5f582585d1048fa6d80bc6c35bc384eee9b4"},
    {file = "numpy-1.24.4-cp310-cp310-manylinux_2_17_x86_64.manylinux2014_x86_64.whl", hash = "sha256:7ffe43c74893dbf38c2b0a1f5428760a1a9c98285553c89e12d70a96a7f3a4d6"},
    {file = "numpy-1.24.4-cp310-cp310-win32.whl", hash = "sha256:4c21decb6ea94057331e111a5bed9a79d335658c27ce2adb580fb4d54f2ad9bc"},
    {file = "numpy-1.24.4-cp310-cp310-win_amd64.whl", hash = "sha256:b4bea75e47d9586d31e892a7401f76e909712a0fd510f58f5337bea9572c571e"},
    {file = "numpy-1.24.4-cp311-cp311-macosx_10_9_x86_64.whl", hash = "sha256:f136bab9c2cfd8da131132c2cf6cc27331dd6fae65f95f69dcd4ae3c3639c810"},
    {file = "numpy-1.24.4-cp311-cp311-macosx_11_0_arm64.whl", hash = "sha256:e2926dac25b313635e4d6cf4dc4e51c8c0ebfed60b801c799ffc4c32bf3d1254"},
    {file = "numpy-1.24.4-cp311-cp311-manylinux_2_17_aarch64.manylinux2014_aarch64.whl", hash = "sha256:222e40d0e2548690405b0b3c7b21d1169117391c2e82c378467ef9ab4c8f0da7"},
    {file = "numpy-1.24.4-cp311-cp311-manylinux_2_17_x86_64.manylinux2014_x86_64.whl", hash = "sha256:7215847ce88a85ce39baf9e89070cb860c98fdddacbaa6c0da3ffb31b3350bd5"},
    {file = "numpy-1.24.4-cp311-cp311-win32.whl", hash = "sha256:4979217d7de511a8d57f4b4b5b2b965f707768440c17cb70fbf254c4b225238d"},
    {file = "numpy-1.24.4-cp311-cp311-win_amd64.whl", hash = "sha256:b7b1fc9864d7d39e28f41d089bfd6353cb5f27ecd9905348c24187a768c79694"},
    {file = "numpy-1.24.4-cp38-cp38-macosx_10_9_x86_64.whl", hash = "sha256:1452241c290f3e2a312c137a9999cdbf63f78864d63c79039bda65ee86943f61"},
    {file = "numpy-1.24.4-cp38-cp38-macosx_11_0_arm64.whl", hash = "sha256:04640dab83f7c6c85abf9cd729c5b65f1ebd0ccf9de90b270cd61935eef0197f"},
    {file = "numpy-1.24.4-cp38-cp38-manylinux_2_17_aarch64.manylinux2014_aarch64.whl", hash = "sha256:a5425b114831d1e77e4b5d812b69d11d962e104095a5b9c3b641a218abcc050e"},
    {file = "numpy-1.24.4-cp38-cp38-manylinux_2_17_x86_64.manylinux2014_x86_64.whl", hash = "sha256:dd80e219fd4c71fc3699fc1dadac5dcf4fd882bfc6f7ec53d30fa197b8ee22dc"},
    {file = "numpy-1.24.4-cp38-cp38-win32.whl", hash = "sha256:4602244f345453db537be5314d3983dbf5834a9701b7723ec28923e2889e0bb2"},
    {file = "numpy-1.24.4-cp38-cp38-win_amd64.whl", hash = "sha256:692f2e0f55794943c5bfff12b3f56f99af76f902fc47487bdfe97856de51a706"},
    {file = "numpy-1.24.4-cp39-cp39-macosx_10_9_x86_64.whl", hash = "sha256:2541312fbf09977f3b3ad449c4e5f4bb55d0dbf79226d7724211acc905049400"},
    {file = "numpy-1.24.4-cp39-cp39-macosx_11_0_arm64.whl", hash = "sha256:9667575fb6d13c95f1b36aca12c5ee3356bf001b714fc354eb5465ce1609e62f"},
    {file = "numpy-1.24.4-cp39-cp39-manylinux_2_17_aarch64.manylinux2014_aarch64.whl", hash = "sha256:f3a86ed21e4f87050382c7bc96571755193c4c1392490744ac73d660e8f564a9"},
    {file = "numpy-1.24.4-cp39-cp39-manylinux_2_17_x86_64.manylinux2014_x86_64.whl", hash = "sha256:d11efb4dbecbdf22508d55e48d9c8384db795e1b7b51ea735289ff96613ff74d"},
    {file = "numpy-1.24.4-cp39-cp39-win32.whl", hash = "sha256:6620c0acd41dbcb368610bb2f4d83145674040025e5536954782467100aa8835"},
    {file = "numpy-1.24.4-cp39-cp39-win_amd64.whl", hash = "sha256:befe2bf740fd8373cf56149a5c23a0f601e82869598d41f8e188a0e9869926f8"},
    {file = "numpy-1.24.4-pp38-pypy38_pp73-macosx_10_9_x86_64.whl", hash = "sha256:31f13e25b4e304632a4619d0e0777662c2ffea99fcae2029556b17d8ff958aef"},
    {file = "numpy-1.24.4-pp38-pypy38_pp73-manylinux_2_17_x86_64.manylinux2014_x86_64.whl", hash = "sha256:95f7ac6540e95bc440ad77f56e520da5bf877f87dca58bd095288dce8940532a"},
    {file = "numpy-1.24.4-pp38-pypy38_pp73-win_amd64.whl", hash = "sha256:e98f220aa76ca2a977fe435f5b04d7b3470c0a2e6312907b37ba6068f26787f2"},
    {file = "numpy-1.24.4.tar.gz", hash = "sha256:80f5e3a4e498641401868df4208b74581206afbee7cf7b8329daae82676d9463"},
]

[[package]]
name = "packaging"
version = "23.2"
description = "Core utilities for Python packages"
optional = false
python-versions = ">=3.7"
files = [
    {file = "packaging-23.2-py3-none-any.whl", hash = "sha256:8c491190033a9af7e1d931d0b5dacc2ef47509b34dd0de67ed209b5203fc88c7"},
    {file = "packaging-23.2.tar.gz", hash = "sha256:048fb0e9405036518eaaf48a55953c750c11e1a1b68e0dd1a9d62ed0c092cfc5"},
]

[[package]]
name = "pluggy"
version = "1.3.0"
description = "plugin and hook calling mechanisms for python"
optional = false
python-versions = ">=3.8"
files = [
    {file = "pluggy-1.3.0-py3-none-any.whl", hash = "sha256:d89c696a773f8bd377d18e5ecda92b7a3793cbe66c87060a6fb58c7b6e1061f7"},
    {file = "pluggy-1.3.0.tar.gz", hash = "sha256:cf61ae8f126ac6f7c451172cf30e3e43d3ca77615509771b3a984a0730651e12"},
]

[package.extras]
dev = ["pre-commit", "tox"]
testing = ["pytest", "pytest-benchmark"]

[[package]]
name = "pytest"
version = "7.4.3"
description = "pytest: simple powerful testing with Python"
optional = false
python-versions = ">=3.7"
files = [
    {file = "pytest-7.4.3-py3-none-any.whl", hash = "sha256:0d009c083ea859a71b76adf7c1d502e4bc170b80a8ef002da5806527b9591fac"},
    {file = "pytest-7.4.3.tar.gz", hash = "sha256:d989d136982de4e3b29dabcc838ad581c64e8ed52c11fbe86ddebd9da0818cd5"},
]

[package.dependencies]
colorama = {version = "*", markers = "sys_platform == \"win32\""}
exceptiongroup = {version = ">=1.0.0rc8", markers = "python_version < \"3.11\""}
iniconfig = "*"
packaging = "*"
pluggy = ">=0.12,<2.0"
tomli = {version = ">=1.0.0", markers = "python_version < \"3.11\""}

[package.extras]
testing = ["argcomplete", "attrs (>=19.2.0)", "hypothesis (>=3.56)", "mock", "nose", "pygments (>=2.7.2)", "requests", "setuptools", "xmlschema"]

[[package]]
name = "pytest-cov"
version = "4.1.0"
description = "Pytest plugin for measuring coverage."
optional = false
python-versions = ">=3.7"
files = [
    {file = "pytest-cov-4.1.0.tar.gz", hash = "sha256:3904b13dfbfec47f003b8e77fd5b589cd11904a21ddf1ab38a64f204d6a10ef6"},
    {file = "pytest_cov-4.1.0-py3-none-any.whl", hash = "sha256:6ba70b9e97e69fcc3fb45bfeab2d0a138fb65c4d0d6a41ef33983ad114be8c3a"},
]

[package.dependencies]
coverage = {version = ">=5.2.1", extras = ["toml"]}
pytest = ">=4.6"

[package.extras]
testing = ["fields", "hunter", "process-tests", "pytest-xdist", "six", "virtualenv"]

[[package]]
name = "scipy"
version = "1.9.3"
description = "Fundamental algorithms for scientific computing in Python"
optional = false
python-versions = ">=3.8"
files = [
    {file = "scipy-1.9.3-cp310-cp310-macosx_10_9_x86_64.whl", hash = "sha256:1884b66a54887e21addf9c16fb588720a8309a57b2e258ae1c7986d4444d3bc0"},
    {file = "scipy-1.9.3-cp310-cp310-macosx_12_0_arm64.whl", hash = "sha256:83b89e9586c62e787f5012e8475fbb12185bafb996a03257e9675cd73d3736dd"},
    {file = "scipy-1.9.3-cp310-cp310-manylinux_2_17_aarch64.manylinux2014_aarch64.whl", hash = "sha256:1a72d885fa44247f92743fc20732ae55564ff2a519e8302fb7e18717c5355a8b"},
    {file = "scipy-1.9.3-cp310-cp310-manylinux_2_17_x86_64.manylinux2014_x86_64.whl", hash = "sha256:d01e1dd7b15bd2449c8bfc6b7cc67d630700ed655654f0dfcf121600bad205c9"},
    {file = "scipy-1.9.3-cp310-cp310-win_amd64.whl", hash = "sha256:68239b6aa6f9c593da8be1509a05cb7f9efe98b80f43a5861cd24c7557e98523"},
    {file = "scipy-1.9.3-cp311-cp311-macosx_10_9_x86_64.whl", hash = "sha256:b41bc822679ad1c9a5f023bc93f6d0543129ca0f37c1ce294dd9d386f0a21096"},
    {file = "scipy-1.9.3-cp311-cp311-macosx_12_0_arm64.whl", hash = "sha256:90453d2b93ea82a9f434e4e1cba043e779ff67b92f7a0e85d05d286a3625df3c"},
    {file = "scipy-1.9.3-cp311-cp311-manylinux_2_17_aarch64.manylinux2014_aarch64.whl", hash = "sha256:83c06e62a390a9167da60bedd4575a14c1f58ca9dfde59830fc42e5197283dab"},
    {file = "scipy-1.9.3-cp311-cp311-manylinux_2_17_x86_64.manylinux2014_x86_64.whl", hash = "sha256:abaf921531b5aeaafced90157db505e10345e45038c39e5d9b6c7922d68085cb"},
    {file = "scipy-1.9.3-cp311-cp311-win_amd64.whl", hash = "sha256:06d2e1b4c491dc7d8eacea139a1b0b295f74e1a1a0f704c375028f8320d16e31"},
    {file = "scipy-1.9.3-cp38-cp38-macosx_10_9_x86_64.whl", hash = "sha256:5a04cd7d0d3eff6ea4719371cbc44df31411862b9646db617c99718ff68d4840"},
    {file = "scipy-1.9.3-cp38-cp38-macosx_12_0_arm64.whl", hash = "sha256:545c83ffb518094d8c9d83cce216c0c32f8c04aaf28b92cc8283eda0685162d5"},
    {file = "scipy-1.9.3-cp38-cp38-manylinux_2_17_aarch64.manylinux2014_aarch64.whl", hash = "sha256:0d54222d7a3ba6022fdf5773931b5d7c56efe41ede7f7128c7b1637700409108"},
    {file = "scipy-1.9.3-cp38-cp38-manylinux_2_17_x86_64.manylinux2014_x86_64.whl", hash = "sha256:cff3a5295234037e39500d35316a4c5794739433528310e117b8a9a0c76d20fc"},
    {file = "scipy-1.9.3-cp38-cp38-win_amd64.whl", hash = "sha256:2318bef588acc7a574f5bfdff9c172d0b1bf2c8143d9582e05f878e580a3781e"},
    {file = "scipy-1.9.3-cp39-cp39-macosx_10_9_x86_64.whl", hash = "sha256:d644a64e174c16cb4b2e41dfea6af722053e83d066da7343f333a54dae9bc31c"},
    {file = "scipy-1.9.3-cp39-cp39-macosx_12_0_arm64.whl", hash = "sha256:da8245491d73ed0a994ed9c2e380fd058ce2fa8a18da204681f2fe1f57f98f95"},
    {file = "scipy-1.9.3-cp39-cp39-manylinux_2_17_aarch64.manylinux2014_aarch64.whl", hash = "sha256:4db5b30849606a95dcf519763dd3ab6fe9bd91df49eba517359e450a7d80ce2e"},
    {file = "scipy-1.9.3-cp39-cp39-manylinux_2_17_x86_64.manylinux2014_x86_64.whl", hash = "sha256:c68db6b290cbd4049012990d7fe71a2abd9ffbe82c0056ebe0f01df8be5436b0"},
    {file = "scipy-1.9.3-cp39-cp39-win_amd64.whl", hash = "sha256:5b88e6d91ad9d59478fafe92a7c757d00c59e3bdc3331be8ada76a4f8d683f58"},
    {file = "scipy-1.9.3.tar.gz", hash = "sha256:fbc5c05c85c1a02be77b1ff591087c83bc44579c6d2bd9fb798bb64ea5e1a027"},
]

[package.dependencies]
numpy = ">=1.18.5,<1.26.0"

[package.extras]
dev = ["flake8", "mypy", "pycodestyle", "typing_extensions"]
doc = ["matplotlib (>2)", "numpydoc", "pydata-sphinx-theme (==0.9.0)", "sphinx (!=4.1.0)", "sphinx-panels (>=0.5.2)", "sphinx-tabs"]
test = ["asv", "gmpy2", "mpmath", "pytest", "pytest-cov", "pytest-xdist", "scikit-umfpack", "threadpoolctl"]

[[package]]
name = "tomli"
version = "2.0.1"
description = "A lil' TOML parser"
optional = false
python-versions = ">=3.7"
files = [
    {file = "tomli-2.0.1-py3-none-any.whl", hash = "sha256:939de3e7a6161af0c887ef91b7d41a53e7c5a1ca976325f429cb46ea9bc30ecc"},
    {file = "tomli-2.0.1.tar.gz", hash = "sha256:de526c12914f0c550d15924c62d72abc48d6fe7364aa87328337a31007fe8a4f"},
]

[[package]]
name = "typing-extensions"
version = "4.9.0"
description = "Backported and Experimental Type Hints for Python 3.8+"
optional = false
python-versions = ">=3.8"
files = [
    {file = "typing_extensions-4.9.0-py3-none-any.whl", hash = "sha256:af72aea155e91adfc61c3ae9e0e342dbc0cba726d6cba4b6c72c1f34e47291cd"},
    {file = "typing_extensions-4.9.0.tar.gz", hash = "sha256:23478f88c37f27d76ac8aee6c905017a143b0b1b886c3c9f66bc2fd94f9f5783"},
]

[metadata]
lock-version = "2.0"
python-versions = "^3.8"
content-hash = "460365db2418dc58ef305ed0c89e5581187cd17112b77997b53b5636d7b839b3"
